// !$*UTF8*$!
{
	archiveVersion = 1;
	classes = {
	};
	objectVersion = 46;
	objects = {

/* Begin PBXBuildFile section */
		63B694AD14FB388B009E2895 /* UIKit.framework in Frameworks */ = {isa = PBXBuildFile; fileRef = 63B694AC14FB388B009E2895 /* UIKit.framework */; };
		63B694AF14FB388B009E2895 /* Foundation.framework in Frameworks */ = {isa = PBXBuildFile; fileRef = 63B694AE14FB388B009E2895 /* Foundation.framework */; };
		63B694B114FB388B009E2895 /* CoreGraphics.framework in Frameworks */ = {isa = PBXBuildFile; fileRef = 63B694B014FB388B009E2895 /* CoreGraphics.framework */; };
		63B694B714FB388B009E2895 /* InfoPlist.strings in Resources */ = {isa = PBXBuildFile; fileRef = 63B694B514FB388B009E2895 /* InfoPlist.strings */; };
		63B694B914FB388B009E2895 /* main.m in Sources */ = {isa = PBXBuildFile; fileRef = 63B694B814FB388B009E2895 /* main.m */; };
		63B694BD14FB388B009E2895 /* Lab03T1AppDelegate.m in Sources */ = {isa = PBXBuildFile; fileRef = 63B694BC14FB388B009E2895 /* Lab03T1AppDelegate.m */; };
		63B694C014FB388B009E2895 /* Lab03T1ViewController.m in Sources */ = {isa = PBXBuildFile; fileRef = 63B694BF14FB388B009E2895 /* Lab03T1ViewController.m */; };
		63B694C314FB388B009E2895 /* Lab03T1ViewController.xib in Resources */ = {isa = PBXBuildFile; fileRef = 63B694C114FB388B009E2895 /* Lab03T1ViewController.xib */; };
/* End PBXBuildFile section */

/* Begin PBXFileReference section */
		63B694A814FB388B009E2895 /* Lab03T2.app */ = {isa = PBXFileReference; explicitFileType = wrapper.application; includeInIndex = 0; path = Lab03T2.app; sourceTree = BUILT_PRODUCTS_DIR; };
		63B694AC14FB388B009E2895 /* UIKit.framework */ = {isa = PBXFileReference; lastKnownFileType = wrapper.framework; name = UIKit.framework; path = System/Library/Frameworks/UIKit.framework; sourceTree = SDKROOT; };
		63B694AE14FB388B009E2895 /* Foundation.framework */ = {isa = PBXFileReference; lastKnownFileType = wrapper.framework; name = Foundation.framework; path = System/Library/Frameworks/Foundation.framework; sourceTree = SDKROOT; };
		63B694B014FB388B009E2895 /* CoreGraphics.framework */ = {isa = PBXFileReference; lastKnownFileType = wrapper.framework; name = CoreGraphics.framework; path = System/Library/Frameworks/CoreGraphics.framework; sourceTree = SDKROOT; };
		63B694B414FB388B009E2895 /* Lab03T2-Info.plist */ = {isa = PBXFileReference; path = "Lab03T2-Info.plist"; sourceTree = "<group>"; };
		63B694B614FB388B009E2895 /* en */ = {isa = PBXFileReference; lastKnownFileType = text.plist.strings; name = en; path = en.lproj/InfoPlist.strings; sourceTree = "<group>"; };
		63B694B814FB388B009E2895 /* main.m */ = {isa = PBXFileReference; lastKnownFileType = sourcecode.c.objc; path = main.m; sourceTree = "<group>"; };
		63B694BA14FB388B009E2895 /* Lab03T2-Prefix.pch */ = {isa = PBXFileReference; path = "Lab03T2-Prefix.pch"; sourceTree = "<group>"; };
		63B694BB14FB388B009E2895 /* Lab03T1AppDelegate.h */ = {isa = PBXFileReference; path = Lab03T1AppDelegate.h; sourceTree = "<group>"; };
		63B694BC14FB388B009E2895 /* Lab03T1AppDelegate.m */ = {isa = PBXFileReference; lastKnownFileType = sourcecode.c.objc; path = Lab03T1AppDelegate.m; sourceTree = "<group>"; };
		63B694BE14FB388B009E2895 /* Lab03T1ViewController.h */ = {isa = PBXFileReference; path = Lab03T1ViewController.h; sourceTree = "<group>"; };
		63B694BF14FB388B009E2895 /* Lab03T1ViewController.m */ = {isa = PBXFileReference; lastKnownFileType = sourcecode.c.objc; path = Lab03T1ViewController.m; sourceTree = "<group>"; };
		63B694C214FB388B009E2895 /* en */ = {isa = PBXFileReference; lastKnownFileType = file.xib; name = en; path = en.lproj/Lab03T1ViewController.xib; sourceTree = "<group>"; };
/* End PBXFileReference section */

/* Begin PBXFrameworksBuildPhase section */
		63B694A514FB388B009E2895 /* Frameworks */ = {
			isa = PBXFrameworksBuildPhase;
			buildActionMask = 2147483647;
			files = (
				63B694AD14FB388B009E2895 /* UIKit.framework in Frameworks */,
				63B694AF14FB388B009E2895 /* Foundation.framework in Frameworks */,
				63B694B114FB388B009E2895 /* CoreGraphics.framework in Frameworks */,
			);
			runOnlyForDeploymentPostprocessing = 0;
		};
/* End PBXFrameworksBuildPhase section */

/* Begin PBXGroup section */
		63B6949D14FB388B009E2895 = {
			isa = PBXGroup;
			children = (
				63B694B214FB388B009E2895 /* Lab03T2 */,
				63B694AB14FB388B009E2895 /* Frameworks */,
				63B694A914FB388B009E2895 /* Products */,
			);
			sourceTree = "<group>";
		};
		63B694A914FB388B009E2895 /* Products */ = {
			isa = PBXGroup;
			children = (
				63B694A814FB388B009E2895 /* Lab03T2.app */,
			);
			name = Products;
			sourceTree = "<group>";
		};
		63B694AB14FB388B009E2895 /* Frameworks */ = {
			isa = PBXGroup;
			children = (
				63B694AC14FB388B009E2895 /* UIKit.framework */,
				63B694AE14FB388B009E2895 /* Foundation.framework */,
				63B694B014FB388B009E2895 /* CoreGraphics.framework */,
			);
			name = Frameworks;
			sourceTree = "<group>";
		};
		63B694B214FB388B009E2895 /* Lab03T2 */ = {
			isa = PBXGroup;
			children = (
				63B694BB14FB388B009E2895 /* Lab03T1AppDelegate.h */,
				63B694BC14FB388B009E2895 /* Lab03T1AppDelegate.m */,
				63B694BE14FB388B009E2895 /* Lab03T1ViewController.h */,
				63B694BF14FB388B009E2895 /* Lab03T1ViewController.m */,
				63B694C114FB388B009E2895 /* Lab03T1ViewController.xib */,
				63B694B314FB388B009E2895 /* Supporting Files */,
			);
			path = Lab03T2;
			sourceTree = "<group>";
		};
		63B694B314FB388B009E2895 /* Supporting Files */ = {
			isa = PBXGroup;
			children = (
				63B694B414FB388B009E2895 /* Lab03T2-Info.plist */,
				63B694B514FB388B009E2895 /* InfoPlist.strings */,
				63B694B814FB388B009E2895 /* main.m */,
				63B694BA14FB388B009E2895 /* Lab03T2-Prefix.pch */,
			);
			name = "Supporting Files";
			sourceTree = "<group>";
		};
/* End PBXGroup section */

/* Begin PBXNativeTarget section */
		63B694A714FB388B009E2895 /* Lab03T2 */ = {
			isa = PBXNativeTarget;
			buildConfigurationList = 63B694C614FB388B009E2895 /* Build configuration list for PBXNativeTarget "Lab03T2" */;
			buildPhases = (
				63B694A414FB388B009E2895 /* Sources */,
				63B694A514FB388B009E2895 /* Frameworks */,
				63B694A614FB388B009E2895 /* Resources */,
			);
			buildRules = (
			);
			dependencies = (
			);
			name = Lab03T2;
			productName = Lab03T2;
			productReference = 63B694A814FB388B009E2895 /* Lab03T2.app */;
			productType = "com.apple.product-type.application";
		};
/* End PBXNativeTarget section */

/* Begin PBXProject section */
		63B6949F14FB388B009E2895 /* Project object */ = {
			isa = PBXProject;
			attributes = {
				LastUpgradeCheck = 0420;
			};
			buildConfigurationList = 63B694A214FB388B009E2895 /* Build configuration list for PBXProject "Lab03T2" */;
			compatibilityVersion = "Xcode 3.2";
			developmentRegion = English;
			hasScannedForEncodings = 0;
			knownRegions = (
				en,
			);
			mainGroup = 63B6949D14FB388B009E2895;
			productRefGroup = 63B694A914FB388B009E2895 /* Products */;
			projectDirPath = "";
			projectRoot = "";
			targets = (
				63B694A714FB388B009E2895 /* Lab03T2 */,
			);
		};
/* End PBXProject section */

/* Begin PBXResourcesBuildPhase section */
		63B694A614FB388B009E2895 /* Resources */ = {
			isa = PBXResourcesBuildPhase;
			buildActionMask = 2147483647;
			files = (
				63B694B714FB388B009E2895 /* InfoPlist.strings in Resources */,
				63B694C314FB388B009E2895 /* Lab03T1ViewController.xib in Resources */,
			);
			runOnlyForDeploymentPostprocessing = 0;
		};
/* End PBXResourcesBuildPhase section */

/* Begin PBXSourcesBuildPhase section */
		63B694A414FB388B009E2895 /* Sources */ = {
			isa = PBXSourcesBuildPhase;
			buildActionMask = 2147483647;
			files = (
				63B694B914FB388B009E2895 /* main.m in Sources */,
				63B694BD14FB388B009E2895 /* Lab03T1AppDelegate.m in Sources */,
				63B694C014FB388B009E2895 /* Lab03T1ViewController.m in Sources */,
			);
			runOnlyForDeploymentPostprocessing = 0;
		};
/* End PBXSourcesBuildPhase section */

/* Begin PBXVariantGroup section */
		63B694B514FB388B009E2895 /* InfoPlist.strings */ = {
			isa = PBXVariantGroup;
			children = (
				63B694B614FB388B009E2895 /* en */,
			);
			name = InfoPlist.strings;
			sourceTree = "<group>";
		};
		63B694C114FB388B009E2895 /* Lab03T1ViewController.xib */ = {
			isa = PBXVariantGroup;
			children = (
				63B694C214FB388B009E2895 /* en */,
			);
			name = Lab03T1ViewController.xib;
			sourceTree = "<group>";
		};
/* End PBXVariantGroup section */

/* Begin XCBuildConfiguration section */
		63B694C414FB388B009E2895 /* Debug */ = {
			isa = XCBuildConfiguration;
			buildSettings = {
				ALWAYS_SEARCH_USER_PATHS = NO;
				ARCHS = "$(ARCHS_STANDARD_32_BIT)";
				"CODE_SIGN_IDENTITY[sdk=iphoneos*]" = "iPhone Developer";
				COPY_PHASE_STRIP = NO;
				GCC_C_LANGUAGE_STANDARD = gnu99;
				GCC_DYNAMIC_NO_PIC = NO;
				GCC_OPTIMIZATION_LEVEL = 0;
				GCC_PREPROCESSOR_DEFINITIONS = (
					"DEBUG=1",
					"$(inherited)",
				);
				GCC_SYMBOLS_PRIVATE_EXTERN = NO;
				GCC_VERSION = com.apple.compilers.llvm.clang.1_0;
				GCC_WARN_ABOUT_MISSING_PROTOTYPES = YES;
				GCC_WARN_ABOUT_RETURN_TYPE = YES;
				GCC_WARN_UNUSED_VARIABLE = YES;
				IPHONEOS_DEPLOYMENT_TARGET = 5.0;
				SDKROOT = iphoneos;
			};
			name = Debug;
		};
		63B694C514FB388B009E2895 /* Release */ = {
			isa = XCBuildConfiguration;
			buildSettings = {
				ALWAYS_SEARCH_USER_PATHS = NO;
				ARCHS = "$(ARCHS_STANDARD_32_BIT)";
				"CODE_SIGN_IDENTITY[sdk=iphoneos*]" = "iPhone Developer";
				COPY_PHASE_STRIP = YES;
				GCC_C_LANGUAGE_STANDARD = gnu99;
				GCC_VERSION = com.apple.compilers.llvm.clang.1_0;
				GCC_WARN_ABOUT_MISSING_PROTOTYPES = YES;
				GCC_WARN_ABOUT_RETURN_TYPE = YES;
				GCC_WARN_UNUSED_VARIABLE = YES;
				IPHONEOS_DEPLOYMENT_TARGET = 5.0;
				OTHER_CFLAGS = "-DNS_BLOCK_ASSERTIONS=1";
				SDKROOT = iphoneos;
				VALIDATE_PRODUCT = YES;
			};
			name = Release;
		};
		63B694C714FB388B009E2895 /* Debug */ = {
			isa = XCBuildConfiguration;
			buildSettings = {
				GCC_PRECOMPILE_PREFIX_HEADER = YES;
				GCC_PREFIX_HEADER = "Lab03T2/Lab03T2-Prefix.pch";
				INFOPLIST_FILE = "Lab03T2/Lab03T2-Info.plist";
				PRODUCT_NAME = "$(TARGET_NAME)";
				WRAPPER_EXTENSION = app;
			};
			name = Debug;
		};
		63B694C814FB388B009E2895 /* Release */ = {
			isa = XCBuildConfiguration;
			buildSettings = {
				GCC_PRECOMPILE_PREFIX_HEADER = YES;
				GCC_PREFIX_HEADER = "Lab03T2/Lab03T2-Prefix.pch";
				INFOPLIST_FILE = "Lab03T2/Lab03T2-Info.plist";
				PRODUCT_NAME = "$(TARGET_NAME)";
				WRAPPER_EXTENSION = app;
			};
			name = Release;
		};
/* End XCBuildConfiguration section */

/* Begin XCConfigurationList section */
		63B694A214FB388B009E2895 /* Build configuration list for PBXProject "Lab03T2" */ = {
			isa = XCConfigurationList;
			buildConfigurations = (
				63B694C414FB388B009E2895 /* Debug */,
				63B694C514FB388B009E2895 /* Release */,
			);
			defaultConfigurationIsVisible = 0;
			defaultConfigurationName = Release;
		};
		63B694C614FB388B009E2895 /* Build configuration list for PBXNativeTarget "Lab03T2" */ = {
			isa = XCConfigurationList;
			buildConfigurations = (
				63B694C714FB388B009E2895 /* Debug */,
				63B694C814FB388B009E2895 /* Release */,
			);
			defaultConfigurationIsVisible = 0;
		};
/* End XCConfigurationList section */
	};
	rootObject = 63B6949F14FB388B009E2895 /* Project object */;
}
